
Microsoft Visual Studio Solution File, Format Version 12.00
# Visual Studio Version 16
VisualStudioVersion = 16.0.28803.352
MinimumVisualStudioVersion = 15.0.26124.0
Project("{9A19103F-16F7-4668-BE54-9A1E7A4F7556}") = "Nullforce.Api.DeviantArt.JsonModels", "src\Nullforce.Api.DeviantArt.JsonModels.csproj", "{463CC304-583F-4DC9-A835-B569ECBB5D83}"
EndProject
Project("{9A19103F-16F7-4668-BE54-9A1E7A4F7556}") = "_build", "build\_build.csproj", "{52CE3FFE-3B54-483D-A7DD-79EFF2CCC2D8}"
EndProject
Project("{9A19103F-16F7-4668-BE54-9A1E7A4F7556}") = "Nullforce.Api.DeviantArt.JsonModels.Tests", "tests\Nullforce.Api.DeviantArt.JsonModels.Tests\Nullforce.Api.DeviantArt.JsonModels.Tests.csproj", "{99EE6A7C-7BD8-48A0-9E9A-E577EC745682}"
EndProject
Global
	GlobalSection(SolutionConfigurationPlatforms) = preSolution
		Debug|Any CPU = Debug|Any CPU
		Debug|x64 = Debug|x64
		Debug|x86 = Debug|x86
		Release|Any CPU = Release|Any CPU
		Release|x64 = Release|x64
		Release|x86 = Release|x86
	EndGlobalSection
	GlobalSection(ProjectConfigurationPlatforms) = postSolution
		{463CC304-583F-4DC9-A835-B569ECBB5D83}.Debug|Any CPU.ActiveCfg = Debug|Any CPU
		{463CC304-583F-4DC9-A835-B569ECBB5D83}.Debug|Any CPU.Build.0 = Debug|Any CPU
		{463CC304-583F-4DC9-A835-B569ECBB5D83}.Debug|x64.ActiveCfg = Debug|Any CPU
		{463CC304-583F-4DC9-A835-B569ECBB5D83}.Debug|x64.Build.0 = Debug|Any CPU
		{463CC304-583F-4DC9-A835-B569ECBB5D83}.Debug|x86.ActiveCfg = Debug|Any CPU
		{463CC304-583F-4DC9-A835-B569ECBB5D83}.Debug|x86.Build.0 = Debug|Any CPU
		{463CC304-583F-4DC9-A835-B569ECBB5D83}.Release|Any CPU.ActiveCfg = Release|Any CPU
		{463CC304-583F-4DC9-A835-B569ECBB5D83}.Release|Any CPU.Build.0 = Release|Any CPU
		{463CC304-583F-4DC9-A835-B569ECBB5D83}.Release|x64.ActiveCfg = Release|Any CPU
		{463CC304-583F-4DC9-A835-B569ECBB5D83}.Release|x64.Build.0 = Release|Any CPU
		{463CC304-583F-4DC9-A835-B569ECBB5D83}.Release|x86.ActiveCfg = Release|Any CPU
		{463CC304-583F-4DC9-A835-B569ECBB5D83}.Release|x86.Build.0 = Release|Any CPU
		{52CE3FFE-3B54-483D-A7DD-79EFF2CCC2D8}.Debug|Any CPU.ActiveCfg = Debug|Any CPU
		{52CE3FFE-3B54-483D-A7DD-79EFF2CCC2D8}.Release|Any CPU.ActiveCfg = Release|Any CPU
		{99EE6A7C-7BD8-48A0-9E9A-E577EC745682}.Debug|Any CPU.ActiveCfg = Debug|Any CPU
		{99EE6A7C-7BD8-48A0-9E9A-E577EC745682}.Debug|Any CPU.Build.0 = Debug|Any CPU
		{99EE6A7C-7BD8-48A0-9E9A-E577EC745682}.Debug|x64.ActiveCfg = Debug|Any CPU
		{99EE6A7C-7BD8-48A0-9E9A-E577EC745682}.Debug|x64.Build.0 = Debug|Any CPU
		{99EE6A7C-7BD8-48A0-9E9A-E577EC745682}.Debug|x86.ActiveCfg = Debug|Any CPU
		{99EE6A7C-7BD8-48A0-9E9A-E577EC745682}.Debug|x86.Build.0 = Debug|Any CPU
		{99EE6A7C-7BD8-48A0-9E9A-E577EC745682}.Release|Any CPU.ActiveCfg = Release|Any CPU
		{99EE6A7C-7BD8-48A0-9E9A-E577EC745682}.Release|Any CPU.Build.0 = Release|Any CPU
		{99EE6A7C-7BD8-48A0-9E9A-E577EC745682}.Release|x64.ActiveCfg = Release|Any CPU
		{99EE6A7C-7BD8-48A0-9E9A-E577EC745682}.Release|x64.Build.0 = Release|Any CPU
		{99EE6A7C-7BD8-48A0-9E9A-E577EC745682}.Release|x86.ActiveCfg = Release|Any CPU
		{99EE6A7C-7BD8-48A0-9E9A-E577EC745682}.Release|x86.Build.0 = Release|Any CPU
	EndGlobalSection
	GlobalSection(SolutionProperties) = preSolution
		HideSolutionNode = FALSE
	EndGlobalSection
	GlobalSection(ExtensibilityGlobals) = postSolution
		SolutionGuid = {BE603B0A-4992-4BA2-BCFF-D0AB335F4563}
	EndGlobalSection
EndGlobal
